{
    "_meta": {
        "hash": {
            "sha256": "9ffb304719501f4c64521fd950a0c62a8e79fffc3d8e9feb711ebaa9ba7bfd86"
        },
        "pipfile-spec": 6,
        "requires": {
            "python_version": "3.10"
        },
        "sources": [
            {
                "name": "pypi",
                "url": "https://pypi.org/simple",
                "verify_ssl": true
            }
        ]
    },
    "default": {},
    "develop": {}
}
